
Microsoft Visual Studio Solution File, Format Version 12.00
# Visual Studio 15
VisualStudioVersion = 15.0.27703.1
MinimumVisualStudioVersion = 10.0.40219.1
Project("{FAE04EC0-301F-11D3-BF4B-00C04F79EFBC}") = "Chapter 9 - TroubleAtWork", "Chapter 9 - TroubleAtWork\Chapter 9 - TroubleAtWork.csproj", "{1319A721-E4D9-4C19-924D-770C7E815779}"
EndProject
Global
	GlobalSection(SolutionConfigurationPlatforms) = preSolution
		Debug|Any CPU = Debug|Any CPU
		Release|Any CPU = Release|Any CPU
	EndGlobalSection
	GlobalSection(ProjectConfigurationPlatforms) = postSolution
		{1319A721-E4D9-4C19-924D-770C7E815779}.Debug|Any CPU.ActiveCfg = Debug|Any CPU
		{1319A721-E4D9-4C19-924D-770C7E815779}.Debug|Any CPU.Build.0 = Debug|Any CPU
		{1319A721-E4D9-4C19-924D-770C7E815779}.Release|Any CPU.ActiveCfg = Release|Any CPU
		{1319A721-E4D9-4C19-924D-770C7E815779}.Release|Any CPU.Build.0 = Release|Any CPU
	EndGlobalSection
	GlobalSection(SolutionProperties) = preSolution
		HideSolutionNode = FALSE
	EndGlobalSection
	GlobalSection(ExtensibilityGlobals) = postSolution
		SolutionGuid = {73895D12-F8A4-497A-B79D-BF95C8940773}
	EndGlobalSection
EndGlobal
